# Generated by pub
# See http://pub.dartlang.org/doc/glossary.html#lockfile
packages:
  dartmixins:
    description: dartmixins
    source: hosted
    version: "0.0.1"
  dartredisclient:
    description: dartredisclient
    source: hosted
    version: "0.1.2-dev"
  lawndart:
    description: lawndart
    source: hosted
    version: "0.6.1"
  meta:
    description: meta
    source: hosted
    version: "0.6.3+1"
