# Generated by pub
# See http://pub.dartlang.org/doc/glossary.html#lockfile
packages:
  crypto:
    description: crypto
    source: hosted
    version: "0.8.7"
  fixnum:
    description: fixnum
    source: hosted
    version: "0.8.7"
  lawndart:
    description: lawndart
    source: hosted
    version: "0.6.4"
  meta:
    description: meta
    source: hosted
    version: "0.8.7"
  protobuf:
    description: protobuf
    source: hosted
    version: "0.2.0+3"
